// !$*UTF8*$!
{
	archiveVersion = 1;
	classes = {
	};
	objectVersion = 48;
	objects = {

/* Begin PBXBuildFile section */
		711FAB971FBA0E4B0074927B /* AppDelegate.swift in Sources */ = {isa = PBXBuildFile; fileRef = 711FAB961FBA0E4B0074927B /* AppDelegate.swift */; };
		711FAB991FBA0E4B0074927B /* GameScene.sks in Resources */ = {isa = PBXBuildFile; fileRef = 711FAB981FBA0E4B0074927B /* GameScene.sks */; };
		711FAB9B1FBA0E4B0074927B /* Actions.sks in Resources */ = {isa = PBXBuildFile; fileRef = 711FAB9A1FBA0E4B0074927B /* Actions.sks */; };
		711FAB9D1FBA0E4B0074927B /* GameScene.swift in Sources */ = {isa = PBXBuildFile; fileRef = 711FAB9C1FBA0E4B0074927B /* GameScene.swift */; };
		711FAB9F1FBA0E4B0074927B /* GameViewController.swift in Sources */ = {isa = PBXBuildFile; fileRef = 711FAB9E1FBA0E4B0074927B /* GameViewController.swift */; };
		711FABA21FBA0E4B0074927B /* Main.storyboard in Resources */ = {isa = PBXBuildFile; fileRef = 711FABA01FBA0E4B0074927B /* Main.storyboard */; };
		711FABA41FBA0E4B0074927B /* Assets.xcassets in Resources */ = {isa = PBXBuildFile; fileRef = 711FABA31FBA0E4B0074927B /* Assets.xcassets */; };
		711FABA71FBA0E4B0074927B /* LaunchScreen.storyboard in Resources */ = {isa = PBXBuildFile; fileRef = 711FABA51FBA0E4B0074927B /* LaunchScreen.storyboard */; };
		711FABB21FBA0FE10074927B /* GameLogicManager.swift in Sources */ = {isa = PBXBuildFile; fileRef = 711FABB11FBA0FE10074927B /* GameLogicManager.swift */; };
		711FABB41FBA0FFC0074927B /* GameViewManager.swift in Sources */ = {isa = PBXBuildFile; fileRef = 711FABB31FBA0FFC0074927B /* GameViewManager.swift */; };
		711FABB61FBA12AF0074927B /* CategoryBitMask.swift in Sources */ = {isa = PBXBuildFile; fileRef = 711FABB51FBA12AF0074927B /* CategoryBitMask.swift */; };
		711FABB81FBA14B80074927B /* Constants.swift in Sources */ = {isa = PBXBuildFile; fileRef = 711FABB71FBA14B80074927B /* Constants.swift */; };
		711FABBB1FBB844B0074927B /* Sparks.sks in Resources */ = {isa = PBXBuildFile; fileRef = 711FABB91FBB844B0074927B /* Sparks.sks */; };
		711FABBC1FBB844B0074927B /* Assets.xcassets in Resources */ = {isa = PBXBuildFile; fileRef = 711FABBA1FBB844B0074927B /* Assets.xcassets */; };
/* End PBXBuildFile section */

/* Begin PBXFileReference section */
		711FAB931FBA0E4B0074927B /* OddOneOut.app */ = {isa = PBXFileReference; explicitFileType = wrapper.application; includeInIndex = 0; path = OddOneOut.app; sourceTree = BUILT_PRODUCTS_DIR; };
		711FAB961FBA0E4B0074927B /* AppDelegate.swift */ = {isa = PBXFileReference; lastKnownFileType = sourcecode.swift; path = AppDelegate.swift; sourceTree = "<group>"; };
		711FAB981FBA0E4B0074927B /* GameScene.sks */ = {isa = PBXFileReference; lastKnownFileType = file.sks; path = GameScene.sks; sourceTree = "<group>"; };
		711FAB9A1FBA0E4B0074927B /* Actions.sks */ = {isa = PBXFileReference; lastKnownFileType = file.sks; path = Actions.sks; sourceTree = "<group>"; };
		711FAB9C1FBA0E4B0074927B /* GameScene.swift */ = {isa = PBXFileReference; lastKnownFileType = sourcecode.swift; path = GameScene.swift; sourceTree = "<group>"; };
		711FAB9E1FBA0E4B0074927B /* GameViewController.swift */ = {isa = PBXFileReference; lastKnownFileType = sourcecode.swift; path = GameViewController.swift; sourceTree = "<group>"; };
		711FABA11FBA0E4B0074927B /* Base */ = {isa = PBXFileReference; lastKnownFileType = file.storyboard; name = Base; path = Base.lproj/Main.storyboard; sourceTree = "<group>"; };
		711FABA31FBA0E4B0074927B /* Assets.xcassets */ = {isa = PBXFileReference; lastKnownFileType = folder.assetcatalog; path = Assets.xcassets; sourceTree = "<group>"; };
		711FABA61FBA0E4B0074927B /* Base */ = {isa = PBXFileReference; lastKnownFileType = file.storyboard; name = Base; path = Base.lproj/LaunchScreen.storyboard; sourceTree = "<group>"; };
		711FABA81FBA0E4B0074927B /* Info.plist */ = {isa = PBXFileReference; lastKnownFileType = text.plist.xml; path = Info.plist; sourceTree = "<group>"; };
		711FABB11FBA0FE10074927B /* GameLogicManager.swift */ = {isa = PBXFileReference; lastKnownFileType = sourcecode.swift; path = GameLogicManager.swift; sourceTree = "<group>"; };
		711FABB31FBA0FFC0074927B /* GameViewManager.swift */ = {isa = PBXFileReference; lastKnownFileType = sourcecode.swift; path = GameViewManager.swift; sourceTree = "<group>"; };
		711FABB51FBA12AF0074927B /* CategoryBitMask.swift */ = {isa = PBXFileReference; lastKnownFileType = sourcecode.swift; path = CategoryBitMask.swift; sourceTree = "<group>"; };
		711FABB71FBA14B80074927B /* Constants.swift */ = {isa = PBXFileReference; lastKnownFileType = sourcecode.swift; path = Constants.swift; sourceTree = "<group>"; };
		711FABB91FBB844B0074927B /* Sparks.sks */ = {isa = PBXFileReference; lastKnownFileType = file.sks; path = Sparks.sks; sourceTree = "<group>"; };
		711FABBA1FBB844B0074927B /* Assets.xcassets */ = {isa = PBXFileReference; lastKnownFileType = folder.assetcatalog; path = Assets.xcassets; sourceTree = "<group>"; };
/* End PBXFileReference section */

/* Begin PBXFrameworksBuildPhase section */
		711FAB901FBA0E4B0074927B /* Frameworks */ = {
			isa = PBXFrameworksBuildPhase;
			buildActionMask = 2147483647;
			files = (
			);
			runOnlyForDeploymentPostprocessing = 0;
		};
/* End PBXFrameworksBuildPhase section */

/* Begin PBXGroup section */
		711FAB8A1FBA0E4B0074927B = {
			isa = PBXGroup;
			children = (
				711FAB951FBA0E4B0074927B /* OddOneOut */,
				711FAB941FBA0E4B0074927B /* Products */,
			);
			sourceTree = "<group>";
		};
		711FAB941FBA0E4B0074927B /* Products */ = {
			isa = PBXGroup;
			children = (
				711FAB931FBA0E4B0074927B /* OddOneOut.app */,
			);
			name = Products;
			sourceTree = "<group>";
		};
		711FAB951FBA0E4B0074927B /* OddOneOut */ = {
			isa = PBXGroup;
			children = (
				711FABB01FBA0F770074927B /* Controller */,
				711FABAF1FBA0F720074927B /* Model */,
				711FABAE1FBA0F6C0074927B /* View */,
				711FAB961FBA0E4B0074927B /* AppDelegate.swift */,
				711FABA81FBA0E4B0074927B /* Info.plist */,
			);
			path = OddOneOut;
			sourceTree = "<group>";
		};
		711FABAE1FBA0F6C0074927B /* View */ = {
			isa = PBXGroup;
			children = (
				711FABB31FBA0FFC0074927B /* GameViewManager.swift */,
				711FABA51FBA0E4B0074927B /* LaunchScreen.storyboard */,
				711FABA01FBA0E4B0074927B /* Main.storyboard */,
				711FAB981FBA0E4B0074927B /* GameScene.sks */,
				711FAB9A1FBA0E4B0074927B /* Actions.sks */,
				711FABB91FBB844B0074927B /* Sparks.sks */,
				711FABBA1FBB844B0074927B /* Assets.xcassets */,
			);
			path = View;
			sourceTree = "<group>";
		};
		711FABAF1FBA0F720074927B /* Model */ = {
			isa = PBXGroup;
			children = (
				711FABA31FBA0E4B0074927B /* Assets.xcassets */,
				711FABB51FBA12AF0074927B /* CategoryBitMask.swift */,
				711FABB71FBA14B80074927B /* Constants.swift */,
			);
			path = Model;
			sourceTree = "<group>";
		};
		711FABB01FBA0F770074927B /* Controller */ = {
			isa = PBXGroup;
			children = (
				711FAB9E1FBA0E4B0074927B /* GameViewController.swift */,
				711FAB9C1FBA0E4B0074927B /* GameScene.swift */,
				711FABB11FBA0FE10074927B /* GameLogicManager.swift */,
			);
			path = Controller;
			sourceTree = "<group>";
		};
/* End PBXGroup section */

/* Begin PBXNativeTarget section */
		711FAB921FBA0E4B0074927B /* OddOneOut */ = {
			isa = PBXNativeTarget;
			buildConfigurationList = 711FABAB1FBA0E4B0074927B /* Build configuration list for PBXNativeTarget "OddOneOut" */;
			buildPhases = (
				711FAB8F1FBA0E4B0074927B /* Sources */,
				711FAB901FBA0E4B0074927B /* Frameworks */,
				711FAB911FBA0E4B0074927B /* Resources */,
			);
			buildRules = (
			);
			dependencies = (
			);
			name = OddOneOut;
			productName = OddOneOut;
			productReference = 711FAB931FBA0E4B0074927B /* OddOneOut.app */;
			productType = "com.apple.product-type.application";
		};
/* End PBXNativeTarget section */

/* Begin PBXProject section */
		711FAB8B1FBA0E4B0074927B /* Project object */ = {
			isa = PBXProject;
			attributes = {
				LastSwiftUpdateCheck = 0910;
				LastUpgradeCheck = 0910;
				ORGANIZATIONNAME = "Shawn Roller";
				TargetAttributes = {
					711FAB921FBA0E4B0074927B = {
						CreatedOnToolsVersion = 9.1;
						ProvisioningStyle = Automatic;
					};
				};
			};
			buildConfigurationList = 711FAB8E1FBA0E4B0074927B /* Build configuration list for PBXProject "OddOneOut" */;
			compatibilityVersion = "Xcode 8.0";
			developmentRegion = en;
			hasScannedForEncodings = 0;
			knownRegions = (
				en,
				Base,
			);
			mainGroup = 711FAB8A1FBA0E4B0074927B;
			productRefGroup = 711FAB941FBA0E4B0074927B /* Products */;
			projectDirPath = "";
			projectRoot = "";
			targets = (
				711FAB921FBA0E4B0074927B /* OddOneOut */,
			);
		};
/* End PBXProject section */

/* Begin PBXResourcesBuildPhase section */
		711FAB911FBA0E4B0074927B /* Resources */ = {
			isa = PBXResourcesBuildPhase;
			buildActionMask = 2147483647;
			files = (
				711FABA21FBA0E4B0074927B /* Main.storyboard in Resources */,
				711FABBB1FBB844B0074927B /* Sparks.sks in Resources */,
				711FAB991FBA0E4B0074927B /* GameScene.sks in Resources */,
				711FABA41FBA0E4B0074927B /* Assets.xcassets in Resources */,
				711FABBC1FBB844B0074927B /* Assets.xcassets in Resources */,
				711FABA71FBA0E4B0074927B /* LaunchScreen.storyboard in Resources */,
				711FAB9B1FBA0E4B0074927B /* Actions.sks in Resources */,
			);
			runOnlyForDeploymentPostprocessing = 0;
		};
/* End PBXResourcesBuildPhase section */

/* Begin PBXSourcesBuildPhase section */
		711FAB8F1FBA0E4B0074927B /* Sources */ = {
			isa = PBXSourcesBuildPhase;
			buildActionMask = 2147483647;
			files = (
				711FABB41FBA0FFC0074927B /* GameViewManager.swift in Sources */,
				711FABB21FBA0FE10074927B /* GameLogicManager.swift in Sources */,
				711FAB9D1FBA0E4B0074927B /* GameScene.swift in Sources */,
				711FAB9F1FBA0E4B0074927B /* GameViewController.swift in Sources */,
				711FABB81FBA14B80074927B /* Constants.swift in Sources */,
				711FAB971FBA0E4B0074927B /* AppDelegate.swift in Sources */,
				711FABB61FBA12AF0074927B /* CategoryBitMask.swift in Sources */,
			);
			runOnlyForDeploymentPostprocessing = 0;
		};
/* End PBXSourcesBuildPhase section */

/* Begin PBXVariantGroup section */
		711FABA01FBA0E4B0074927B /* Main.storyboard */ = {
			isa = PBXVariantGroup;
			children = (
				711FABA11FBA0E4B0074927B /* Base */,
			);
			name = Main.storyboard;
			sourceTree = "<group>";
		};
		711FABA51FBA0E4B0074927B /* LaunchScreen.storyboard */ = {
			isa = PBXVariantGroup;
			children = (
				711FABA61FBA0E4B0074927B /* Base */,
			);
			name = LaunchScreen.storyboard;
			sourceTree = "<group>";
		};
/* End PBXVariantGroup section */

/* Begin XCBuildConfiguration section */
		711FABA91FBA0E4B0074927B /* Debug */ = {
			isa = XCBuildConfiguration;
			buildSettings = {
				ALWAYS_SEARCH_USER_PATHS = NO;
				CLANG_ANALYZER_NONNULL = YES;
				CLANG_ANALYZER_NUMBER_OBJECT_CONVERSION = YES_AGGRESSIVE;
				CLANG_CXX_LANGUAGE_STANDARD = "gnu++14";
				CLANG_CXX_LIBRARY = "libc++";
				CLANG_ENABLE_MODULES = YES;
				CLANG_ENABLE_OBJC_ARC = YES;
				CLANG_WARN_BLOCK_CAPTURE_AUTORELEASING = YES;
				CLANG_WARN_BOOL_CONVERSION = YES;
				CLANG_WARN_COMMA = YES;
				CLANG_WARN_CONSTANT_CONVERSION = YES;
				CLANG_WARN_DIRECT_OBJC_ISA_USAGE = YES_ERROR;
				CLANG_WARN_DOCUMENTATION_COMMENTS = YES;
				CLANG_WARN_EMPTY_BODY = YES;
				CLANG_WARN_ENUM_CONVERSION = YES;
				CLANG_WARN_INFINITE_RECURSION = YES;
				CLANG_WARN_INT_CONVERSION = YES;
				CLANG_WARN_NON_LITERAL_NULL_CONVERSION = YES;
				CLANG_WARN_OBJC_LITERAL_CONVERSION = YES;
				CLANG_WARN_OBJC_ROOT_CLASS = YES_ERROR;
				CLANG_WARN_RANGE_LOOP_ANALYSIS = YES;
				CLANG_WARN_STRICT_PROTOTYPES = YES;
				CLANG_WARN_SUSPICIOUS_MOVE = YES;
				CLANG_WARN_UNGUARDED_AVAILABILITY = YES_AGGRESSIVE;
				CLANG_WARN_UNREACHABLE_CODE = YES;
				CLANG_WARN__DUPLICATE_METHOD_MATCH = YES;
				CODE_SIGN_IDENTITY = "iPhone Developer";
				COPY_PHASE_STRIP = NO;
				DEBUG_INFORMATION_FORMAT = dwarf;
				ENABLE_STRICT_OBJC_MSGSEND = YES;
				ENABLE_TESTABILITY = YES;
				GCC_C_LANGUAGE_STANDARD = gnu11;
				GCC_DYNAMIC_NO_PIC = NO;
				GCC_NO_COMMON_BLOCKS = YES;
				GCC_OPTIMIZATION_LEVEL = 0;
				GCC_PREPROCESSOR_DEFINITIONS = (
					"DEBUG=1",
					"$(inherited)",
				);
				GCC_WARN_64_TO_32_BIT_CONVERSION = YES;
				GCC_WARN_ABOUT_RETURN_TYPE = YES_ERROR;
				GCC_WARN_UNDECLARED_SELECTOR = YES;
				GCC_WARN_UNINITIALIZED_AUTOS = YES_AGGRESSIVE;
				GCC_WARN_UNUSED_FUNCTION = YES;
				GCC_WARN_UNUSED_VARIABLE = YES;
				IPHONEOS_DEPLOYMENT_TARGET = 11.1;
				MTL_ENABLE_DEBUG_INFO = YES;
				ONLY_ACTIVE_ARCH = YES;
				SDKROOT = iphoneos;
				SWIFT_ACTIVE_COMPILATION_CONDITIONS = DEBUG;
				SWIFT_OPTIMIZATION_LEVEL = "-Onone";
			};
			name = Debug;
		};
		711FABAA1FBA0E4B0074927B /* Release */ = {
			isa = XCBuildConfiguration;
			buildSettings = {
				ALWAYS_SEARCH_USER_PATHS = NO;
				CLANG_ANALYZER_NONNULL = YES;
				CLANG_ANALYZER_NUMBER_OBJECT_CONVERSION = YES_AGGRESSIVE;
				CLANG_CXX_LANGUAGE_STANDARD = "gnu++14";
				CLANG_CXX_LIBRARY = "libc++";
				CLANG_ENABLE_MODULES = YES;
				CLANG_ENABLE_OBJC_ARC = YES;
				CLANG_WARN_BLOCK_CAPTURE_AUTORELEASING = YES;
				CLANG_WARN_BOOL_CONVERSION = YES;
				CLANG_WARN_COMMA = YES;
				CLANG_WARN_CONSTANT_CONVERSION = YES;
				CLANG_WARN_DIRECT_OBJC_ISA_USAGE = YES_ERROR;
				CLANG_WARN_DOCUMENTATION_COMMENTS = YES;
				CLANG_WARN_EMPTY_BODY = YES;
				CLANG_WARN_ENUM_CONVERSION = YES;
				CLANG_WARN_INFINITE_RECURSION = YES;
				CLANG_WARN_INT_CONVERSION = YES;
				CLANG_WARN_NON_LITERAL_NULL_CONVERSION = YES;
				CLANG_WARN_OBJC_LITERAL_CONVERSION = YES;
				CLANG_WARN_OBJC_ROOT_CLASS = YES_ERROR;
				CLANG_WARN_RANGE_LOOP_ANALYSIS = YES;
				CLANG_WARN_STRICT_PROTOTYPES = YES;
				CLANG_WARN_SUSPICIOUS_MOVE = YES;
				CLANG_WARN_UNGUARDED_AVAILABILITY = YES_AGGRESSIVE;
				CLANG_WARN_UNREACHABLE_CODE = YES;
				CLANG_WARN__DUPLICATE_METHOD_MATCH = YES;
				CODE_SIGN_IDENTITY = "iPhone Developer";
				COPY_PHASE_STRIP = NO;
				DEBUG_INFORMATION_FORMAT = "dwarf-with-dsym";
				ENABLE_NS_ASSERTIONS = NO;
				ENABLE_STRICT_OBJC_MSGSEND = YES;
				GCC_C_LANGUAGE_STANDARD = gnu11;
				GCC_NO_COMMON_BLOCKS = YES;
				GCC_WARN_64_TO_32_BIT_CONVERSION = YES;
				GCC_WARN_ABOUT_RETURN_TYPE = YES_ERROR;
				GCC_WARN_UNDECLARED_SELECTOR = YES;
				GCC_WARN_UNINITIALIZED_AUTOS = YES_AGGRESSIVE;
				GCC_WARN_UNUSED_FUNCTION = YES;
				GCC_WARN_UNUSED_VARIABLE = YES;
				IPHONEOS_DEPLOYMENT_TARGET = 11.1;
				MTL_ENABLE_DEBUG_INFO = NO;
				SDKROOT = iphoneos;
				SWIFT_OPTIMIZATION_LEVEL = "-Owholemodule";
				VALIDATE_PRODUCT = YES;
			};
			name = Release;
		};
		711FABAC1FBA0E4B0074927B /* Debug */ = {
			isa = XCBuildConfiguration;
			buildSettings = {
				ASSETCATALOG_COMPILER_APPICON_NAME = AppIcon;
				CODE_SIGN_STYLE = Automatic;
				DEVELOPMENT_TEAM = EWH85CQYYJ;
				INFOPLIST_FILE = OddOneOut/Info.plist;
				LD_RUNPATH_SEARCH_PATHS = "$(inherited) @executable_path/Frameworks";
				PRODUCT_BUNDLE_IDENTIFIER = "com.offensively-bad.OddOneOut";
				PRODUCT_NAME = "$(TARGET_NAME)";
				SWIFT_VERSION = 4.0;
				TARGETED_DEVICE_FAMILY = "1,2";
			};
			name = Debug;
		};
		711FABAD1FBA0E4B0074927B /* Release */ = {
			isa = XCBuildConfiguration;
			buildSettings = {
				ASSETCATALOG_COMPILER_APPICON_NAME = AppIcon;
				CODE_SIGN_STYLE = Automatic;
				DEVELOPMENT_TEAM = EWH85CQYYJ;
				INFOPLIST_FILE = OddOneOut/Info.plist;
				LD_RUNPATH_SEARCH_PATHS = "$(inherited) @executable_path/Frameworks";
				PRODUCT_BUNDLE_IDENTIFIER = "com.offensively-bad.OddOneOut";
				PRODUCT_NAME = "$(TARGET_NAME)";
				SWIFT_VERSION = 4.0;
				TARGETED_DEVICE_FAMILY = "1,2";
			};
			name = Release;
		};
/* End XCBuildConfiguration section */

/* Begin XCConfigurationList section */
		711FAB8E1FBA0E4B0074927B /* Build configuration list for PBXProject "OddOneOut" */ = {
			isa = XCConfigurationList;
			buildConfigurations = (
				711FABA91FBA0E4B0074927B /* Debug */,
				711FABAA1FBA0E4B0074927B /* Release */,
			);
			defaultConfigurationIsVisible = 0;
			defaultConfigurationName = Release;
		};
		711FABAB1FBA0E4B0074927B /* Build configuration list for PBXNativeTarget "OddOneOut" */ = {
			isa = XCConfigurationList;
			buildConfigurations = (
				711FABAC1FBA0E4B0074927B /* Debug */,
				711FABAD1FBA0E4B0074927B /* Release */,
			);
			defaultConfigurationIsVisible = 0;
			defaultConfigurationName = Release;
		};
/* End XCConfigurationList section */
	};
	rootObject = 711FAB8B1FBA0E4B0074927B /* Project object */;
}
